
Microsoft Visual Studio Solution File, Format Version 12.00
# Visual Studio Version 17
VisualStudioVersion = 17.9.34701.34
MinimumVisualStudioVersion = 10.0.40219.1
Project("{FAE04EC0-301F-11D3-BF4B-00C04F79EFBC}") = "CarNotes", "CarNotes\CarNotes.csproj", "{CE6A01B5-D0B1-4D5B-9EB5-2B23D2EACE71}"
EndProject
Project("{FAE04EC0-301F-11D3-BF4B-00C04F79EFBC}") = "CarNotes.Tests.MSTest", "CarNotes.Tests.MSTest\CarNotes.Tests.MSTest.csproj", "{839B8C56-FF74-425D-8056-ACA41819781E}"
EndProject
Project("{9A19103F-16F7-4668-BE54-9A1E7A4F7556}") = "CarNotes.Core", "CarNotes.Core\CarNotes.Core.csproj", "{75780DB9-61FF-4B46-A6A6-C5147E78744C}"
EndProject
Global
	GlobalSection(SolutionConfigurationPlatforms) = preSolution
		Debug|Any CPU = Debug|Any CPU
		Debug|ARM = Debug|ARM
		Debug|ARM64 = Debug|ARM64
		Debug|x64 = Debug|x64
		Debug|x86 = Debug|x86
		Release|Any CPU = Release|Any CPU
		Release|ARM = Release|ARM
		Release|ARM64 = Release|ARM64
		Release|x64 = Release|x64
		Release|x86 = Release|x86
	EndGlobalSection
	GlobalSection(ProjectConfigurationPlatforms) = postSolution
		{CE6A01B5-D0B1-4D5B-9EB5-2B23D2EACE71}.Debug|Any CPU.ActiveCfg = Debug|x64
		{CE6A01B5-D0B1-4D5B-9EB5-2B23D2EACE71}.Debug|Any CPU.Build.0 = Debug|x64
		{CE6A01B5-D0B1-4D5B-9EB5-2B23D2EACE71}.Debug|Any CPU.Deploy.0 = Debug|x64
		{CE6A01B5-D0B1-4D5B-9EB5-2B23D2EACE71}.Debug|ARM.ActiveCfg = Debug|ARM
		{CE6A01B5-D0B1-4D5B-9EB5-2B23D2EACE71}.Debug|ARM.Build.0 = Debug|ARM
		{CE6A01B5-D0B1-4D5B-9EB5-2B23D2EACE71}.Debug|ARM.Deploy.0 = Debug|ARM
		{CE6A01B5-D0B1-4D5B-9EB5-2B23D2EACE71}.Debug|ARM64.ActiveCfg = Debug|ARM64
		{CE6A01B5-D0B1-4D5B-9EB5-2B23D2EACE71}.Debug|ARM64.Build.0 = Debug|ARM64
		{CE6A01B5-D0B1-4D5B-9EB5-2B23D2EACE71}.Debug|ARM64.Deploy.0 = Debug|ARM64
		{CE6A01B5-D0B1-4D5B-9EB5-2B23D2EACE71}.Debug|x64.ActiveCfg = Debug|x64
		{CE6A01B5-D0B1-4D5B-9EB5-2B23D2EACE71}.Debug|x64.Build.0 = Debug|x64
		{CE6A01B5-D0B1-4D5B-9EB5-2B23D2EACE71}.Debug|x64.Deploy.0 = Debug|x64
		{CE6A01B5-D0B1-4D5B-9EB5-2B23D2EACE71}.Debug|x86.ActiveCfg = Debug|x86
		{CE6A01B5-D0B1-4D5B-9EB5-2B23D2EACE71}.Debug|x86.Build.0 = Debug|x86
		{CE6A01B5-D0B1-4D5B-9EB5-2B23D2EACE71}.Debug|x86.Deploy.0 = Debug|x86
		{CE6A01B5-D0B1-4D5B-9EB5-2B23D2EACE71}.Release|Any CPU.ActiveCfg = Release|x64
		{CE6A01B5-D0B1-4D5B-9EB5-2B23D2EACE71}.Release|Any CPU.Build.0 = Release|x64
		{CE6A01B5-D0B1-4D5B-9EB5-2B23D2EACE71}.Release|Any CPU.Deploy.0 = Release|x64
		{CE6A01B5-D0B1-4D5B-9EB5-2B23D2EACE71}.Release|ARM.ActiveCfg = Release|ARM
		{CE6A01B5-D0B1-4D5B-9EB5-2B23D2EACE71}.Release|ARM.Build.0 = Release|ARM
		{CE6A01B5-D0B1-4D5B-9EB5-2B23D2EACE71}.Release|ARM.Deploy.0 = Release|ARM
		{CE6A01B5-D0B1-4D5B-9EB5-2B23D2EACE71}.Release|ARM64.ActiveCfg = Release|ARM64
		{CE6A01B5-D0B1-4D5B-9EB5-2B23D2EACE71}.Release|ARM64.Build.0 = Release|ARM64
		{CE6A01B5-D0B1-4D5B-9EB5-2B23D2EACE71}.Release|ARM64.Deploy.0 = Release|ARM64
		{CE6A01B5-D0B1-4D5B-9EB5-2B23D2EACE71}.Release|x64.ActiveCfg = Release|x64
		{CE6A01B5-D0B1-4D5B-9EB5-2B23D2EACE71}.Release|x64.Build.0 = Release|x64
		{CE6A01B5-D0B1-4D5B-9EB5-2B23D2EACE71}.Release|x64.Deploy.0 = Release|x64
		{CE6A01B5-D0B1-4D5B-9EB5-2B23D2EACE71}.Release|x86.ActiveCfg = Release|x86
		{CE6A01B5-D0B1-4D5B-9EB5-2B23D2EACE71}.Release|x86.Build.0 = Release|x86
		{CE6A01B5-D0B1-4D5B-9EB5-2B23D2EACE71}.Release|x86.Deploy.0 = Release|x86
		{839B8C56-FF74-425D-8056-ACA41819781E}.Debug|Any CPU.ActiveCfg = Debug|x64
		{839B8C56-FF74-425D-8056-ACA41819781E}.Debug|Any CPU.Build.0 = Debug|x64
		{839B8C56-FF74-425D-8056-ACA41819781E}.Debug|Any CPU.Deploy.0 = Debug|x64
		{839B8C56-FF74-425D-8056-ACA41819781E}.Debug|ARM.ActiveCfg = Debug|ARM
		{839B8C56-FF74-425D-8056-ACA41819781E}.Debug|ARM.Build.0 = Debug|ARM
		{839B8C56-FF74-425D-8056-ACA41819781E}.Debug|ARM.Deploy.0 = Debug|ARM
		{839B8C56-FF74-425D-8056-ACA41819781E}.Debug|ARM64.ActiveCfg = Debug|x64
		{839B8C56-FF74-425D-8056-ACA41819781E}.Debug|ARM64.Build.0 = Debug|x64
		{839B8C56-FF74-425D-8056-ACA41819781E}.Debug|ARM64.Deploy.0 = Debug|x64
		{839B8C56-FF74-425D-8056-ACA41819781E}.Debug|x64.ActiveCfg = Debug|x64
		{839B8C56-FF74-425D-8056-ACA41819781E}.Debug|x64.Build.0 = Debug|x64
		{839B8C56-FF74-425D-8056-ACA41819781E}.Debug|x64.Deploy.0 = Debug|x64
		{839B8C56-FF74-425D-8056-ACA41819781E}.Debug|x86.ActiveCfg = Debug|x86
		{839B8C56-FF74-425D-8056-ACA41819781E}.Debug|x86.Build.0 = Debug|x86
		{839B8C56-FF74-425D-8056-ACA41819781E}.Debug|x86.Deploy.0 = Debug|x86
		{839B8C56-FF74-425D-8056-ACA41819781E}.Release|Any CPU.ActiveCfg = Release|x64
		{839B8C56-FF74-425D-8056-ACA41819781E}.Release|Any CPU.Build.0 = Release|x64
		{839B8C56-FF74-425D-8056-ACA41819781E}.Release|Any CPU.Deploy.0 = Release|x64
		{839B8C56-FF74-425D-8056-ACA41819781E}.Release|ARM.ActiveCfg = Release|ARM
		{839B8C56-FF74-425D-8056-ACA41819781E}.Release|ARM.Build.0 = Release|ARM
		{839B8C56-FF74-425D-8056-ACA41819781E}.Release|ARM.Deploy.0 = Release|ARM
		{839B8C56-FF74-425D-8056-ACA41819781E}.Release|ARM64.ActiveCfg = Release|x64
		{839B8C56-FF74-425D-8056-ACA41819781E}.Release|ARM64.Build.0 = Release|x64
		{839B8C56-FF74-425D-8056-ACA41819781E}.Release|ARM64.Deploy.0 = Release|x64
		{839B8C56-FF74-425D-8056-ACA41819781E}.Release|x64.ActiveCfg = Release|x64
		{839B8C56-FF74-425D-8056-ACA41819781E}.Release|x64.Build.0 = Release|x64
		{839B8C56-FF74-425D-8056-ACA41819781E}.Release|x64.Deploy.0 = Release|x64
		{839B8C56-FF74-425D-8056-ACA41819781E}.Release|x86.ActiveCfg = Release|x86
		{839B8C56-FF74-425D-8056-ACA41819781E}.Release|x86.Build.0 = Release|x86
		{839B8C56-FF74-425D-8056-ACA41819781E}.Release|x86.Deploy.0 = Release|x86
		{75780DB9-61FF-4B46-A6A6-C5147E78744C}.Debug|Any CPU.ActiveCfg = Debug|Any CPU
		{75780DB9-61FF-4B46-A6A6-C5147E78744C}.Debug|Any CPU.Build.0 = Debug|Any CPU
		{75780DB9-61FF-4B46-A6A6-C5147E78744C}.Debug|ARM.ActiveCfg = Debug|Any CPU
		{75780DB9-61FF-4B46-A6A6-C5147E78744C}.Debug|ARM.Build.0 = Debug|Any CPU
		{75780DB9-61FF-4B46-A6A6-C5147E78744C}.Debug|ARM64.ActiveCfg = Debug|Any CPU
		{75780DB9-61FF-4B46-A6A6-C5147E78744C}.Debug|ARM64.Build.0 = Debug|Any CPU
		{75780DB9-61FF-4B46-A6A6-C5147E78744C}.Debug|x64.ActiveCfg = Debug|Any CPU
		{75780DB9-61FF-4B46-A6A6-C5147E78744C}.Debug|x64.Build.0 = Debug|Any CPU
		{75780DB9-61FF-4B46-A6A6-C5147E78744C}.Debug|x86.ActiveCfg = Debug|Any CPU
		{75780DB9-61FF-4B46-A6A6-C5147E78744C}.Debug|x86.Build.0 = Debug|Any CPU
		{75780DB9-61FF-4B46-A6A6-C5147E78744C}.Release|Any CPU.ActiveCfg = Release|Any CPU
		{75780DB9-61FF-4B46-A6A6-C5147E78744C}.Release|Any CPU.Build.0 = Release|Any CPU
		{75780DB9-61FF-4B46-A6A6-C5147E78744C}.Release|ARM.ActiveCfg = Release|Any CPU
		{75780DB9-61FF-4B46-A6A6-C5147E78744C}.Release|ARM.Build.0 = Release|Any CPU
		{75780DB9-61FF-4B46-A6A6-C5147E78744C}.Release|ARM64.ActiveCfg = Release|Any CPU
		{75780DB9-61FF-4B46-A6A6-C5147E78744C}.Release|ARM64.Build.0 = Release|Any CPU
		{75780DB9-61FF-4B46-A6A6-C5147E78744C}.Release|x64.ActiveCfg = Release|Any CPU
		{75780DB9-61FF-4B46-A6A6-C5147E78744C}.Release|x64.Build.0 = Release|Any CPU
		{75780DB9-61FF-4B46-A6A6-C5147E78744C}.Release|x86.ActiveCfg = Release|Any CPU
		{75780DB9-61FF-4B46-A6A6-C5147E78744C}.Release|x86.Build.0 = Release|Any CPU
	EndGlobalSection
	GlobalSection(SolutionProperties) = preSolution
		HideSolutionNode = FALSE
	EndGlobalSection
	GlobalSection(ExtensibilityGlobals) = postSolution
		SolutionGuid = {38C42B8E-23E1-4944-891E-1D2049090881}
	EndGlobalSection
EndGlobal
